
Microsoft Visual Studio Solution File, Format Version 12.00
# Visual Studio Version 17
VisualStudioVersion = 17.9.34728.123
MinimumVisualStudioVersion = 10.0.40219.1
Project("{FAE04EC0-301F-11D3-BF4B-00C04F79EFBC}") = "Parcare Auto", "Parcare Auto\Parcare Auto.csproj", "{35675010-F1AE-4F35-9B8B-83CD3DA02F92}"
EndProject
Global
	GlobalSection(SolutionConfigurationPlatforms) = preSolution
		Debug|Any CPU = Debug|Any CPU
		Release|Any CPU = Release|Any CPU
	EndGlobalSection
	GlobalSection(ProjectConfigurationPlatforms) = postSolution
		{35675010-F1AE-4F35-9B8B-83CD3DA02F92}.Debug|Any CPU.ActiveCfg = Debug|Any CPU
		{35675010-F1AE-4F35-9B8B-83CD3DA02F92}.Debug|Any CPU.Build.0 = Debug|Any CPU
		{35675010-F1AE-4F35-9B8B-83CD3DA02F92}.Release|Any CPU.ActiveCfg = Release|Any CPU
		{35675010-F1AE-4F35-9B8B-83CD3DA02F92}.Release|Any CPU.Build.0 = Release|Any CPU
	EndGlobalSection
	GlobalSection(SolutionProperties) = preSolution
		HideSolutionNode = FALSE
	EndGlobalSection
	GlobalSection(ExtensibilityGlobals) = postSolution
		SolutionGuid = {1EE9C145-FC4F-4EFE-9280-0347CA2B24BD}
	EndGlobalSection
EndGlobal
